
Microsoft Visual Studio Solution File, Format Version 12.00
# Visual Studio 2013
VisualStudioVersion = 12.0.21005.1
MinimumVisualStudioVersion = 10.0.40219.1
Project("{FAE04EC0-301F-11D3-BF4B-00C04F79EFBC}") = "SampleWebApp", "SampleWebApp\SampleWebApp.csproj", "{96105237-2B92-48E5-AA7C-F4905410A764}"
EndProject
Project("{FAE04EC0-301F-11D3-BF4B-00C04F79EFBC}") = "BehaviorTest", "BehaviorTest\BehaviorTest.csproj", "{63B69A72-384D-4766-A424-AE36A87A1A77}"
EndProject
Global
	GlobalSection(SolutionConfigurationPlatforms) = preSolution
		Debug|Any CPU = Debug|Any CPU
		Release|Any CPU = Release|Any CPU
	EndGlobalSection
	GlobalSection(ProjectConfigurationPlatforms) = postSolution
		{96105237-2B92-48E5-AA7C-F4905410A764}.Debug|Any CPU.ActiveCfg = Debug|Any CPU
		{96105237-2B92-48E5-AA7C-F4905410A764}.Debug|Any CPU.Build.0 = Debug|Any CPU
		{96105237-2B92-48E5-AA7C-F4905410A764}.Release|Any CPU.ActiveCfg = Release|Any CPU
		{96105237-2B92-48E5-AA7C-F4905410A764}.Release|Any CPU.Build.0 = Release|Any CPU
		{63B69A72-384D-4766-A424-AE36A87A1A77}.Debug|Any CPU.ActiveCfg = Debug|Any CPU
		{63B69A72-384D-4766-A424-AE36A87A1A77}.Debug|Any CPU.Build.0 = Debug|Any CPU
		{63B69A72-384D-4766-A424-AE36A87A1A77}.Release|Any CPU.ActiveCfg = Release|Any CPU
		{63B69A72-384D-4766-A424-AE36A87A1A77}.Release|Any CPU.Build.0 = Release|Any CPU
	EndGlobalSection
	GlobalSection(SolutionProperties) = preSolution
		HideSolutionNode = FALSE
	EndGlobalSection
EndGlobal
